{
  "version": 4,
  "terraform_version": "0.12.26",
  "serial": 17,
  "lineage": "1d60b947-dec6-b7f4-747a-6146d0abb020",
  "outputs": {},
  "resources": [
    {
      "mode": "data",
      "type": "google_client_config",
      "name": "this",
      "provider": "provider.google",
      "instances": [
        {
          "schema_version": 0,
          "attributes": {
            "access_token": "ya29.c.KqgBCAhh77YAs7dAP5Z55A9ueK0GTUMFWg9csRc-zQyv796sJ4JVmnAIusRLd6-J8Nt3j-gVD1LaAFHpQHuldx_oTXLhWV0_1m7ryv49I_voGhdpUQ3u0bl8eu-BW0yPUjlx4QnUd0F8nD1KBdXYIUIvGL0VjJ8xMJlL-KVUtBaYUTITos0IMWBMxbswUKVryYw4VHJvOXQJULpI1GlaKOBsP2iTCUiNYXYn",
            "id": "projects//regions//zones/",
            "project": "",
            "region": "",
            "zone": ""
          }
        }
      ]
    },
    {
      "mode": "data",
      "type": "terraform_remote_state",
      "name": "service_account",
      "provider": "provider.terraform",
      "instances": [
        {
          "schema_version": 0,
          "attributes": {
            "backend": "gcs",
            "config": {
              "value": {
                "bucket": "varunbackend",
                "prefix": "terraform.tfstate"
              },
              "type": [
                "object",
                {
                  "bucket": "string",
                  "prefix": "string"
                }
              ]
            },
            "defaults": null,
            "outputs": {
              "value": {},
              "type": [
                "object",
                {}
              ]
            },
            "workspace": "default"
          }
        }
      ]
    },
    {
      "module": "module.application_cluster",
      "mode": "managed",
      "type": "google_container_cluster",
      "name": "gke_cluster",
      "provider": "provider.google",
      "instances": [
        {
          "schema_version": 1,
          "attributes": {
            "addons_config": [
              {
                "cloudrun_config": [],
                "horizontal_pod_autoscaling": [
                  {
                    "disabled": false
                  }
                ],
                "http_load_balancing": [
                  {
                    "disabled": false
                  }
                ],
                "network_policy_config": [
                  {
                    "disabled": true
                  }
                ]
              }
            ],
            "authenticator_groups_config": [],
            "cluster_autoscaling": [
              {
                "auto_provisioning_defaults": [],
                "enabled": false,
                "resource_limits": []
              }
            ],
            "cluster_ipv4_cidr": "10.1.0.0/16",
            "database_encryption": [
              {
                "key_name": "",
                "state": "DECRYPTED"
              }
            ],
            "datapath_provider": "",
            "default_max_pods_per_node": 64,
            "default_snat_status": [
              {
                "disabled": false
              }
            ],
            "description": "",
            "enable_autopilot": false,
            "enable_binary_authorization": false,
            "enable_intranode_visibility": false,
            "enable_kubernetes_alpha": false,
            "enable_legacy_abac": false,
            "enable_shielded_nodes": true,
            "enable_tpu": false,
            "endpoint": "35.225.43.41",
            "id": "projects/student-1-302822/locations/us-central1/clusters/stage",
            "initial_node_count": 1,
            "instance_group_urls": [],
            "ip_allocation_policy": [
              {
                "cluster_ipv4_cidr_block": "10.1.0.0/16",
                "cluster_secondary_range_name": "pods",
                "services_ipv4_cidr_block": "10.2.0.0/16",
                "services_secondary_range_name": "service"
              }
            ],
            "label_fingerprint": "9a528bc5",
            "location": "us-central1",
            "logging_service": "logging.googleapis.com/kubernetes",
            "maintenance_policy": [],
            "master_auth": [
              {
                "client_certificate": "",
                "client_certificate_config": [
                  {
                    "issue_client_certificate": false
                  }
                ],
                "client_key": "",
                "cluster_ca_certificate": "LS0tLS1CRUdJTiBDRVJUSUZJQ0FURS0tLS0tCk1JSURLekNDQWhPZ0F3SUJBZ0lSQU5uL1U2UHFScHd0dkRua2xOT3NKdkV3RFFZSktvWklodmNOQVFFTEJRQXcKTHpFdE1Dc0dBMVVFQXhNa05qaGhZVEUwWXpjdE9ERmpaUzAwWW1SbExUa3hOR1l0Tm1WaE1qZ3laams1T1RVMwpNQjRYRFRJeE1EY3hPREF6TkRReE4xb1hEVEkyTURjeE56QTBORFF4TjFvd0x6RXRNQ3NHQTFVRUF4TWtOamhoCllURTBZemN0T0RGalpTMDBZbVJsTFRreE5HWXRObVZoTWpneVpqazVPVFUzTUlJQklqQU5CZ2txaGtpRzl3MEIKQVFFRkFBT0NBUThBTUlJQkNnS0NBUUVBcC8vMG5ONnViVGtJL0F2WnR4bmZzQjkvTmVrVis4SkYzbDlNSmIvVwpqY2dYVmEyM3Zic0kxb2lmVTgyVU9sN0Z6eXJISVRUOTVFTUQrT3UxZmpzSTVqSmFqazRvVjNJeU9wTzZuQUlxCkx6RHdvZXl0a2RvM0IyMndYbFg0UityTC9OMjJGc2NFeVhidHlQWFhOcmxxVk82SW1wbDJNMDhXMmlrRUFja0sKNDd5YmdidVFudkwvbU9uNGNXQjZxQUZtWmx1V21hdFFxUHhFVU5WKytuQjRIV1U4OGx2NFZJd3dQZFVTbzhRMAplRzBMWEF0R2dOb1Uzc2x5UGd3bWN6OUVUWjQ5SU16WkowcTFTVTdYek9kV2pIZlBUN05DdjI5ODdFVkVEVFlSCk1qbUVvc2xCNmFpMk1tRVN5WFZsNkwveDNGeGJzRmY3MjVyYk9TdjYrOVpENXdJREFRQUJvMEl3UURBT0JnTlYKSFE4QkFmOEVCQU1DQWdRd0R3WURWUjBUQVFIL0JBVXdBd0VCL3pBZEJnTlZIUTRFRmdRVTNTTE11UGplTG1yeQphS2RyQXdyZjRCcXBLdjh3RFFZSktvWklodmNOQVFFTEJRQURnZ0VCQUlFSFpCUXRMbUYrQzY5ZkMvQzBDZklOCnRDQzJ5Y05tb2Z5M2JwdU43QnhvQSs4WHFlekc4ZGtFOEZ0NTRKNERsN1BsUXBDNEk3Undrc25BL25TNlNXOEwKalZlUG5FeTJLd2FyVW1OT3hhUUhFZWlCL2o3RjZvYVFEUFVWSDdDZjFYcWl5c2k0RHhETjlhaUhpK1NlOEdqbwpFUitaWDBvdGFYb2dCdmFsWFptN2ZIa2pqWTFaL2lPRlI3bkl5Uks3MGpSZG1QZm1hemF3a3RKMm9uSnAraUhYCllWZ1FjRG9TVnhOT2dWcWpzNUlQS1o1UmdoTFJiQTVsUWhLZVZlZ1pPdnVIVEtySUlNc2JvVmFST2pCVmNPcTkKUzBNQU5sb3hkdVhhUll6VFVIQlJLa0tzUms1NTZJYlluNmVRTWcweG5LcFAzRlZwNHcvdVZTS2U5OFM1TzdjPQotLS0tLUVORCBDRVJUSUZJQ0FURS0tLS0tCg==",
                "password": "",
                "username": ""
              }
            ],
            "master_authorized_networks_config": [
              {
                "cidr_blocks": [
                  {
                    "cidr_block": "10.0.0.0/8",
                    "display_name": "example_network"
                  },
                  {
                    "cidr_block": "174.115.128.196/32",
                    "display_name": "home_network"
                  }
                ]
              }
            ],
            "master_version": "1.19.9-gke.1900",
            "min_master_version": "1.19.9-gke.1900",
            "monitoring_service": "monitoring.googleapis.com/kubernetes",
            "name": "stage",
            "network": "projects/student-1-302822/global/networks/shared-vpc",
            "network_policy": [
              {
                "enabled": false,
                "provider": "PROVIDER_UNSPECIFIED"
              }
            ],
            "networking_mode": "VPC_NATIVE",
            "node_config": [],
            "node_locations": [
              "us-central1-b",
              "us-central1-c",
              "us-central1-f"
            ],
            "node_pool": [],
            "node_version": "1.19.9-gke.1900",
            "operation": null,
            "pod_security_policy_config": [],
            "private_cluster_config": [
              {
                "enable_private_endpoint": false,
                "enable_private_nodes": true,
                "master_global_access_config": [
                  {
                    "enabled": false
                  }
                ],
                "master_ipv4_cidr_block": "10.3.0.0/28",
                "peering_name": "gke-nc6a762130babf862ad0-198e-3d47-peer",
                "private_endpoint": "10.3.0.2",
                "public_endpoint": "35.225.43.41"
              }
            ],
            "private_ipv6_google_access": "",
            "project": "student-1-302822",
            "release_channel": [
              {
                "channel": "UNSPECIFIED"
              }
            ],
            "remove_default_node_pool": true,
            "resource_labels": {
              "portworx": "gke"
            },
            "resource_usage_export_config": [],
            "self_link": "https://container.googleapis.com/v1beta1/projects/student-1-302822/locations/us-central1/clusters/stage",
            "services_ipv4_cidr": "10.2.0.0/16",
            "subnetwork": "projects/student-1-302822/regions/us-central1/subnetworks/stage",
            "timeouts": null,
            "tpu_ipv4_cidr_block": "",
            "vertical_pod_autoscaling": [],
            "workload_identity_config": []
          },
          "private": "eyJlMmJmYjczMC1lY2FhLTExZTYtOGY4OC0zNDM2M2JjN2M0YzAiOnsiY3JlYXRlIjoyNDAwMDAwMDAwMDAwLCJkZWxldGUiOjI0MDAwMDAwMDAwMDAsInJlYWQiOjI0MDAwMDAwMDAwMDAsInVwZGF0ZSI6MzYwMDAwMDAwMDAwMH0sInNjaGVtYV92ZXJzaW9uIjoiMSJ9"
        }
      ]
    },
    {
      "module": "module.application_nodepool_workers_np",
      "mode": "managed",
      "type": "google_container_node_pool",
      "name": "worker_nodes",
      "provider": "provider.google",
      "instances": [
        {
          "schema_version": 1,
          "attributes": {
            "autoscaling": [
              {
                "max_node_count": 3,
                "min_node_count": 1
              }
            ],
            "cluster": "stage",
            "id": "projects/student-1-302822/locations/us-central1/clusters/stage/nodePools/workers",
            "initial_node_count": 1,
            "instance_group_urls": [
              "https://www.googleapis.com/compute/v1/projects/student-1-302822/zones/us-central1-a/instanceGroupManagers/gke-stage-workers-06e6f28e-grp"
            ],
            "location": "us-central1",
            "management": [
              {
                "auto_repair": false,
                "auto_upgrade": false
              }
            ],
            "max_pods_per_node": 110,
            "name": "workers",
            "name_prefix": "",
            "node_config": [
              {
                "disk_size_gb": 50,
                "disk_type": "pd-ssd",
                "guest_accelerator": [],
                "image_type": "UBUNTU",
                "labels": {
                  "dou/student-name": "varun-senthilkumar"
                },
                "local_ssd_count": 0,
                "machine_type": "n1-standard-2",
                "metadata": {
                  "disable-legacy-endpoints": "true"
                },
                "min_cpu_platform": "",
                "oauth_scopes": [
                  "https://www.googleapis.com/auth/cloud-platform",
                  "https://www.googleapis.com/auth/compute",
                  "https://www.googleapis.com/auth/devstorage.read_only",
                  "https://www.googleapis.com/auth/logging.write",
                  "https://www.googleapis.com/auth/monitoring",
                  "https://www.googleapis.com/auth/service.management.readonly",
                  "https://www.googleapis.com/auth/servicecontrol",
                  "https://www.googleapis.com/auth/trace.append"
                ],
                "preemptible": false,
                "service_account": "default",
                "shielded_instance_config": [
                  {
                    "enable_integrity_monitoring": true,
                    "enable_secure_boot": false
                  }
                ],
                "tags": [],
                "taint": [],
                "workload_metadata_config": []
              }
            ],
            "node_count": 1,
            "node_locations": [
              "us-central1-a"
            ],
            "operation": null,
            "project": "student-1-302822",
            "timeouts": null,
            "upgrade_settings": [
              {
                "max_surge": 0,
                "max_unavailable": 1
              }
            ],
            "version": "1.19.9-gke.1900"
          },
          "private": "eyJlMmJmYjczMC1lY2FhLTExZTYtOGY4OC0zNDM2M2JjN2M0YzAiOnsiY3JlYXRlIjoxODAwMDAwMDAwMDAwLCJkZWxldGUiOjE4MDAwMDAwMDAwMDAsInVwZGF0ZSI6MTgwMDAwMDAwMDAwMH0sInNjaGVtYV92ZXJzaW9uIjoiMSJ9",
          "dependencies": [
            "module.application_cluster.google_container_cluster.gke_cluster"
          ]
        }
      ]
    },
    {
      "mode": "managed",
      "type": "helm_release",
      "name": "grafana",
      "provider": "provider.helm",
      "instances": [
        {
          "schema_version": 0,
          "attributes": {
            "atomic": false,
            "chart": "grafana",
            "cleanup_on_fail": false,
            "create_namespace": false,
            "dependency_update": false,
            "description": null,
            "devel": null,
            "disable_crd_hooks": false,
            "disable_openapi_validation": false,
            "disable_webhooks": false,
            "force_update": false,
            "id": "grafana",
            "keyring": null,
            "lint": false,
            "manifest": null,
            "max_history": 0,
            "metadata": [
              {
                "app_version": "8.0.5",
                "chart": "grafana",
                "name": "grafana",
                "namespace": "default",
                "revision": 1,
                "values": "{\"datasources\":{\"datasources.yaml\":{\"apiVersion\":1,\"datasources\":[{\"access\":\"proxy\",\"isDefault\":true,\"name\":\"Prometheus\",\"type\":\"prometheus\",\"url\":\"http://kube-prometheus-stack-prometheus.default:9090\"}]}}}",
                "version": "6.13.10"
              }
            ],
            "name": "grafana",
            "namespace": "default",
            "postrender": [],
            "recreate_pods": false,
            "render_subchart_notes": true,
            "replace": false,
            "repository": "https://grafana.github.io/helm-charts",
            "repository_ca_file": null,
            "repository_cert_file": null,
            "repository_key_file": null,
            "repository_password": null,
            "repository_username": null,
            "reset_values": false,
            "reuse_values": false,
            "set": [
              {
                "name": "datasources.datasources\\.yaml.apiVersion",
                "type": "",
                "value": "1"
              },
              {
                "name": "datasources.datasources\\.yaml.datasources[0].access",
                "type": "",
                "value": "proxy"
              },
              {
                "name": "datasources.datasources\\.yaml.datasources[0].isDefault",
                "type": "",
                "value": "true"
              },
              {
                "name": "datasources.datasources\\.yaml.datasources[0].name",
                "type": "",
                "value": "Prometheus"
              },
              {
                "name": "datasources.datasources\\.yaml.datasources[0].type",
                "type": "",
                "value": "prometheus"
              },
              {
                "name": "datasources.datasources\\.yaml.datasources[0].url",
                "type": "",
                "value": "http://kube-prometheus-stack-prometheus\\.default:9090"
              }
            ],
            "set_sensitive": [],
            "skip_crds": false,
            "status": "deployed",
            "timeout": 300,
            "values": null,
            "verify": false,
            "version": "6.13.10",
            "wait": true
          },
          "private": "bnVsbA==",
          "dependencies": [
            "module.application_cluster.google_container_cluster.gke_cluster"
          ]
        }
      ]
    },
    {
      "mode": "managed",
      "type": "helm_release",
      "name": "kube-prometheus-stack",
      "provider": "provider.helm",
      "instances": [
        {
          "schema_version": 0,
          "attributes": {
            "atomic": false,
            "chart": "kube-prometheus-stack",
            "cleanup_on_fail": false,
            "create_namespace": false,
            "dependency_update": false,
            "description": null,
            "devel": null,
            "disable_crd_hooks": false,
            "disable_openapi_validation": false,
            "disable_webhooks": false,
            "force_update": false,
            "id": "kube-prometheus-stack",
            "keyring": null,
            "lint": false,
            "manifest": null,
            "max_history": 0,
            "metadata": [
              {
                "app_version": "0.48.1",
                "chart": "kube-prometheus-stack",
                "name": "kube-prometheus-stack",
                "namespace": "default",
                "revision": 1,
                "values": "{\"grafana\":{\"enabled\":false}}",
                "version": "16.14.1"
              }
            ],
            "name": "kube-prometheus-stack",
            "namespace": "default",
            "postrender": [],
            "recreate_pods": false,
            "render_subchart_notes": true,
            "replace": false,
            "repository": "https://prometheus-community.github.io/helm-charts",
            "repository_ca_file": null,
            "repository_cert_file": null,
            "repository_key_file": null,
            "repository_password": null,
            "repository_username": null,
            "reset_values": false,
            "reuse_values": false,
            "set": [
              {
                "name": "grafana.enabled",
                "type": "",
                "value": "false"
              }
            ],
            "set_sensitive": [],
            "skip_crds": false,
            "status": "deployed",
            "timeout": 300,
            "values": null,
            "verify": false,
            "version": "16.14.1",
            "wait": true
          },
          "private": "bnVsbA==",
          "dependencies": [
            "module.application_cluster.google_container_cluster.gke_cluster"
          ]
        }
      ]
    }
  ]
}
